
Microsoft Visual Studio Solution File, Format Version 12.00
# Visual Studio 15
VisualStudioVersion = 15.0.27703.2042
MinimumVisualStudioVersion = 10.0.40219.1
Project("{FAE04EC0-301F-11D3-BF4B-00C04F79EFBC}") = "GUI", "GUI\GUI.csproj", "{11227B24-F64D-4D0E-83EC-2353FEDFD834}"
EndProject
Global
	GlobalSection(SolutionConfigurationPlatforms) = preSolution
		Debug|Any CPU = Debug|Any CPU
		Release|Any CPU = Release|Any CPU
	EndGlobalSection
	GlobalSection(ProjectConfigurationPlatforms) = postSolution
		{11227B24-F64D-4D0E-83EC-2353FEDFD834}.Debug|Any CPU.ActiveCfg = Debug|Any CPU
		{11227B24-F64D-4D0E-83EC-2353FEDFD834}.Debug|Any CPU.Build.0 = Debug|Any CPU
		{11227B24-F64D-4D0E-83EC-2353FEDFD834}.Release|Any CPU.ActiveCfg = Release|Any CPU
		{11227B24-F64D-4D0E-83EC-2353FEDFD834}.Release|Any CPU.Build.0 = Release|Any CPU
	EndGlobalSection
	GlobalSection(SolutionProperties) = preSolution
		HideSolutionNode = FALSE
	EndGlobalSection
	GlobalSection(ExtensibilityGlobals) = postSolution
		SolutionGuid = {2D92A088-5638-40E3-A2A2-4FAEDB86399D}
	EndGlobalSection
EndGlobal
